
Microsoft Visual Studio Solution File, Format Version 12.00
# Visual Studio 15
VisualStudioVersion = 15.0.27130.2024
MinimumVisualStudioVersion = 10.0.40219.1
Project("{FAE04EC0-301F-11D3-BF4B-00C04F79EFBC}") = "DataHelpers", "DataHelpers\DataHelpers.csproj", "{D13070FE-0AA1-4062-A1CF-7FD3C2354B17}"
EndProject
Project("{FAE04EC0-301F-11D3-BF4B-00C04F79EFBC}") = "DataHelpers.Tests", "DataHelpers.Tests\DataHelpers.Tests.csproj", "{6844528A-0311-4983-A8D5-3B62905162C6}"
EndProject
Global
	GlobalSection(SolutionConfigurationPlatforms) = preSolution
		Debug|Any CPU = Debug|Any CPU
		Release|Any CPU = Release|Any CPU
	EndGlobalSection
	GlobalSection(ProjectConfigurationPlatforms) = postSolution
		{D13070FE-0AA1-4062-A1CF-7FD3C2354B17}.Debug|Any CPU.ActiveCfg = Debug|Any CPU
		{D13070FE-0AA1-4062-A1CF-7FD3C2354B17}.Debug|Any CPU.Build.0 = Debug|Any CPU
		{D13070FE-0AA1-4062-A1CF-7FD3C2354B17}.Release|Any CPU.ActiveCfg = Release|Any CPU
		{D13070FE-0AA1-4062-A1CF-7FD3C2354B17}.Release|Any CPU.Build.0 = Release|Any CPU
		{6844528A-0311-4983-A8D5-3B62905162C6}.Debug|Any CPU.ActiveCfg = Debug|Any CPU
		{6844528A-0311-4983-A8D5-3B62905162C6}.Debug|Any CPU.Build.0 = Debug|Any CPU
		{6844528A-0311-4983-A8D5-3B62905162C6}.Release|Any CPU.ActiveCfg = Release|Any CPU
		{6844528A-0311-4983-A8D5-3B62905162C6}.Release|Any CPU.Build.0 = Release|Any CPU
	EndGlobalSection
	GlobalSection(SolutionProperties) = preSolution
		HideSolutionNode = FALSE
	EndGlobalSection
	GlobalSection(ExtensibilityGlobals) = postSolution
		SolutionGuid = {918E894F-158E-4026-B882-73F0001C4404}
	EndGlobalSection
EndGlobal
